# THIS IS AN AUTOGENERATED FILE. DO NOT EDIT THIS FILE DIRECTLY.
# yarn lockfile v1


mobx-state-tree@^5:
  version "5.1.5"
  resolved "https://registry.yarnpkg.com/mobx-state-tree/-/mobx-state-tree-5.1.5.tgz#7344d61072705747abb98d23ad21302e38200105"
  integrity sha512-jugIic0PYWW+nzzYfp4RUy9dec002Z778OC6KzoOyBHnqxupK9iPCsUJYkHjmNRHjZ8E4Z7qQpsKV3At/ntGVw==

mobx@^6:
  version "6.6.1"
  resolved "https://registry.yarnpkg.com/mobx/-/mobx-6.6.1.tgz#70ee6aa82f25aeb7e7d522bd621207434e509318"
  integrity sha512-7su3UZv5JF+ohLr2opabjbUAERfXstMY+wiBtey8yNAPoB8H187RaQXuhFjNkH8aE4iHbDWnhDFZw0+5ic4nGQ==

phoenix@^1:
  version "1.6.10"
  resolved "https://registry.yarnpkg.com/phoenix/-/phoenix-1.6.10.tgz#6a5d0a330b32070fb7f90b96efa1244ba7c4da08"
  integrity sha512-KfYAJrrw95JGaOlvmZ+lFJZhSfQmo4SVOj6s175/V8YxqhYGO5EGacdrJxQmJ6uhaK4H3S6b0wkC1T33qU/d8Q==

typescript@^4.7.4:
  version "4.7.4"
  resolved "https://registry.yarnpkg.com/typescript/-/typescript-4.7.4.tgz#1a88596d1cf47d59507a1bcdfb5b9dfe4d488235"
  integrity sha512-C0WQT0gezHuw6AdY1M2jxUO83Rjf0HP7Sk1DtXj6j1EwkQNZrHAg2XPWlq62oqEhYvONq5pkC2Y9oPljWToLmQ==
